
Microsoft Visual Studio Solution File, Format Version 12.00
# Visual Studio Version 17
VisualStudioVersion = 17.3.32929.385
MinimumVisualStudioVersion = 10.0.40219.1
Project("{FAE04EC0-301F-11D3-BF4B-00C04F79EFBC}") = "GenericPracticeProblem", "GenericPracticeProblem.csproj", "{70E092BA-402D-4E83-9976-9293C739F673}"
EndProject
Global
	GlobalSection(SolutionConfigurationPlatforms) = preSolution
		Debug|Any CPU = Debug|Any CPU
		Release|Any CPU = Release|Any CPU
	EndGlobalSection
	GlobalSection(ProjectConfigurationPlatforms) = postSolution
		{70E092BA-402D-4E83-9976-9293C739F673}.Debug|Any CPU.ActiveCfg = Debug|Any CPU
		{70E092BA-402D-4E83-9976-9293C739F673}.Debug|Any CPU.Build.0 = Debug|Any CPU
		{70E092BA-402D-4E83-9976-9293C739F673}.Release|Any CPU.ActiveCfg = Release|Any CPU
		{70E092BA-402D-4E83-9976-9293C739F673}.Release|Any CPU.Build.0 = Release|Any CPU
	EndGlobalSection
	GlobalSection(SolutionProperties) = preSolution
		HideSolutionNode = FALSE
	EndGlobalSection
	GlobalSection(ExtensibilityGlobals) = postSolution
		SolutionGuid = {20CA7814-D574-4346-A724-42F6B1391888}
	EndGlobalSection
EndGlobal
